// !$*UTF8*$!
{
	archiveVersion = 1;
	classes = {
	};
	objectVersion = 50;
	objects = {

/* Begin PBXBuildFile section */
		8EE3B4AD260AE74600ADC6B1 /* QRScannerApp.swift in Sources */ = {isa = PBXBuildFile; fileRef = 8EE3B4AC260AE74600ADC6B1 /* QRScannerApp.swift */; };
		8EE3B4AF260AE74600ADC6B1 /* ContentView.swift in Sources */ = {isa = PBXBuildFile; fileRef = 8EE3B4AE260AE74600ADC6B1 /* ContentView.swift */; };
		8EE3B4B1260AE74A00ADC6B1 /* Assets.xcassets in Resources */ = {isa = PBXBuildFile; fileRef = 8EE3B4B0260AE74A00ADC6B1 /* Assets.xcassets */; };
		8EE3B4B4260AE74A00ADC6B1 /* Preview Assets.xcassets in Resources */ = {isa = PBXBuildFile; fileRef = 8EE3B4B3260AE74A00ADC6B1 /* Preview Assets.xcassets */; };
		8EE3B4BD260AE7F900ADC6B1 /* ScannerViewModel.swift in Sources */ = {isa = PBXBuildFile; fileRef = 8EE3B4BC260AE7F900ADC6B1 /* ScannerViewModel.swift */; };
		8EE3B4C0260AFFB700ADC6B1 /* QrCodeCameraDelegate.swift in Sources */ = {isa = PBXBuildFile; fileRef = 8EE3B4BF260AFFB700ADC6B1 /* QrCodeCameraDelegate.swift */; };
		8EE3B4C3260B212F00ADC6B1 /* CameraPreview.swift in Sources */ = {isa = PBXBuildFile; fileRef = 8EE3B4C2260B212F00ADC6B1 /* CameraPreview.swift */; };
		8EE3B4C6260B3E5700ADC6B1 /* QrCodeScannerView.swift in Sources */ = {isa = PBXBuildFile; fileRef = 8EE3B4C5260B3E5700ADC6B1 /* QrCodeScannerView.swift */; };
/* End PBXBuildFile section */

/* Begin PBXFileReference section */
		8EE3B4A9260AE74600ADC6B1 /* QRScanner.app */ = {isa = PBXFileReference; explicitFileType = wrapper.application; includeInIndex = 0; path = QRScanner.app; sourceTree = BUILT_PRODUCTS_DIR; };
		8EE3B4AC260AE74600ADC6B1 /* QRScannerApp.swift */ = {isa = PBXFileReference; lastKnownFileType = sourcecode.swift; path = QRScannerApp.swift; sourceTree = "<group>"; };
		8EE3B4AE260AE74600ADC6B1 /* ContentView.swift */ = {isa = PBXFileReference; lastKnownFileType = sourcecode.swift; path = ContentView.swift; sourceTree = "<group>"; };
		8EE3B4B0260AE74A00ADC6B1 /* Assets.xcassets */ = {isa = PBXFileReference; lastKnownFileType = folder.assetcatalog; path = Assets.xcassets; sourceTree = "<group>"; };
		8EE3B4B3260AE74A00ADC6B1 /* Preview Assets.xcassets */ = {isa = PBXFileReference; lastKnownFileType = folder.assetcatalog; path = "Preview Assets.xcassets"; sourceTree = "<group>"; };
		8EE3B4B5260AE74A00ADC6B1 /* Info.plist */ = {isa = PBXFileReference; lastKnownFileType = text.plist.xml; path = Info.plist; sourceTree = "<group>"; };
		8EE3B4BC260AE7F900ADC6B1 /* ScannerViewModel.swift */ = {isa = PBXFileReference; lastKnownFileType = sourcecode.swift; path = ScannerViewModel.swift; sourceTree = "<group>"; };
		8EE3B4BF260AFFB700ADC6B1 /* QrCodeCameraDelegate.swift */ = {isa = PBXFileReference; lastKnownFileType = sourcecode.swift; path = QrCodeCameraDelegate.swift; sourceTree = "<group>"; };
		8EE3B4C2260B212F00ADC6B1 /* CameraPreview.swift */ = {isa = PBXFileReference; lastKnownFileType = sourcecode.swift; path = CameraPreview.swift; sourceTree = "<group>"; };
		8EE3B4C5260B3E5700ADC6B1 /* QrCodeScannerView.swift */ = {isa = PBXFileReference; lastKnownFileType = sourcecode.swift; path = QrCodeScannerView.swift; sourceTree = "<group>"; };
/* End PBXFileReference section */

/* Begin PBXFrameworksBuildPhase section */
		8EE3B4A6260AE74600ADC6B1 /* Frameworks */ = {
			isa = PBXFrameworksBuildPhase;
			buildActionMask = 2147483647;
			files = (
			);
			runOnlyForDeploymentPostprocessing = 0;
		};
/* End PBXFrameworksBuildPhase section */

/* Begin PBXGroup section */
		8EE3B4A0260AE74600ADC6B1 = {
			isa = PBXGroup;
			children = (
				8EE3B4AB260AE74600ADC6B1 /* QRScanner */,
				8EE3B4AA260AE74600ADC6B1 /* Products */,
			);
			sourceTree = "<group>";
		};
		8EE3B4AA260AE74600ADC6B1 /* Products */ = {
			isa = PBXGroup;
			children = (
				8EE3B4A9260AE74600ADC6B1 /* QRScanner.app */,
			);
			name = Products;
			sourceTree = "<group>";
		};
		8EE3B4AB260AE74600ADC6B1 /* QRScanner */ = {
			isa = PBXGroup;
			children = (
				8EE3B4AC260AE74600ADC6B1 /* QRScannerApp.swift */,
				8EE3B4AE260AE74600ADC6B1 /* ContentView.swift */,
				8EE3B4B0260AE74A00ADC6B1 /* Assets.xcassets */,
				8EE3B4B5260AE74A00ADC6B1 /* Info.plist */,
				8EE3B4B2260AE74A00ADC6B1 /* Preview Content */,
				8EE3B4BC260AE7F900ADC6B1 /* ScannerViewModel.swift */,
				8EE3B4BF260AFFB700ADC6B1 /* QrCodeCameraDelegate.swift */,
				8EE3B4C2260B212F00ADC6B1 /* CameraPreview.swift */,
				8EE3B4C5260B3E5700ADC6B1 /* QrCodeScannerView.swift */,
			);
			path = QRScanner;
			sourceTree = "<group>";
		};
		8EE3B4B2260AE74A00ADC6B1 /* Preview Content */ = {
			isa = PBXGroup;
			children = (
				8EE3B4B3260AE74A00ADC6B1 /* Preview Assets.xcassets */,
			);
			path = "Preview Content";
			sourceTree = "<group>";
		};
/* End PBXGroup section */

/* Begin PBXNativeTarget section */
		8EE3B4A8260AE74600ADC6B1 /* QRScanner */ = {
			isa = PBXNativeTarget;
			buildConfigurationList = 8EE3B4B8260AE74A00ADC6B1 /* Build configuration list for PBXNativeTarget "QRScanner" */;
			buildPhases = (
				8EE3B4A5260AE74600ADC6B1 /* Sources */,
				8EE3B4A6260AE74600ADC6B1 /* Frameworks */,
				8EE3B4A7260AE74600ADC6B1 /* Resources */,
			);
			buildRules = (
			);
			dependencies = (
			);
			name = QRScanner;
			productName = QRScanner;
			productReference = 8EE3B4A9260AE74600ADC6B1 /* QRScanner.app */;
			productType = "com.apple.product-type.application";
		};
/* End PBXNativeTarget section */

/* Begin PBXProject section */
		8EE3B4A1260AE74600ADC6B1 /* Project object */ = {
			isa = PBXProject;
			attributes = {
				LastSwiftUpdateCheck = 1240;
				LastUpgradeCheck = 1240;
				TargetAttributes = {
					8EE3B4A8260AE74600ADC6B1 = {
						CreatedOnToolsVersion = 12.4;
					};
				};
			};
			buildConfigurationList = 8EE3B4A4260AE74600ADC6B1 /* Build configuration list for PBXProject "QRScanner" */;
			compatibilityVersion = "Xcode 9.3";
			developmentRegion = en;
			hasScannedForEncodings = 0;
			knownRegions = (
				en,
				Base,
			);
			mainGroup = 8EE3B4A0260AE74600ADC6B1;
			productRefGroup = 8EE3B4AA260AE74600ADC6B1 /* Products */;
			projectDirPath = "";
			projectRoot = "";
			targets = (
				8EE3B4A8260AE74600ADC6B1 /* QRScanner */,
			);
		};
/* End PBXProject section */

/* Begin PBXResourcesBuildPhase section */
		8EE3B4A7260AE74600ADC6B1 /* Resources */ = {
			isa = PBXResourcesBuildPhase;
			buildActionMask = 2147483647;
			files = (
				8EE3B4B4260AE74A00ADC6B1 /* Preview Assets.xcassets in Resources */,
				8EE3B4B1260AE74A00ADC6B1 /* Assets.xcassets in Resources */,
			);
			runOnlyForDeploymentPostprocessing = 0;
		};
/* End PBXResourcesBuildPhase section */

/* Begin PBXSourcesBuildPhase section */
		8EE3B4A5260AE74600ADC6B1 /* Sources */ = {
			isa = PBXSourcesBuildPhase;
			buildActionMask = 2147483647;
			files = (
				8EE3B4C3260B212F00ADC6B1 /* CameraPreview.swift in Sources */,
				8EE3B4AF260AE74600ADC6B1 /* ContentView.swift in Sources */,
				8EE3B4BD260AE7F900ADC6B1 /* ScannerViewModel.swift in Sources */,
				8EE3B4C6260B3E5700ADC6B1 /* QrCodeScannerView.swift in Sources */,
				8EE3B4AD260AE74600ADC6B1 /* QRScannerApp.swift in Sources */,
				8EE3B4C0260AFFB700ADC6B1 /* QrCodeCameraDelegate.swift in Sources */,
			);
			runOnlyForDeploymentPostprocessing = 0;
		};
/* End PBXSourcesBuildPhase section */

/* Begin XCBuildConfiguration section */
		8EE3B4B6260AE74A00ADC6B1 /* Debug */ = {
			isa = XCBuildConfiguration;
			buildSettings = {
				ALWAYS_SEARCH_USER_PATHS = NO;
				CLANG_ANALYZER_NONNULL = YES;
				CLANG_ANALYZER_NUMBER_OBJECT_CONVERSION = YES_AGGRESSIVE;
				CLANG_CXX_LANGUAGE_STANDARD = "gnu++14";
				CLANG_CXX_LIBRARY = "libc++";
				CLANG_ENABLE_MODULES = YES;
				CLANG_ENABLE_OBJC_ARC = YES;
				CLANG_ENABLE_OBJC_WEAK = YES;
				CLANG_WARN_BLOCK_CAPTURE_AUTORELEASING = YES;
				CLANG_WARN_BOOL_CONVERSION = YES;
				CLANG_WARN_COMMA = YES;
				CLANG_WARN_CONSTANT_CONVERSION = YES;
				CLANG_WARN_DEPRECATED_OBJC_IMPLEMENTATIONS = YES;
				CLANG_WARN_DIRECT_OBJC_ISA_USAGE = YES_ERROR;
				CLANG_WARN_DOCUMENTATION_COMMENTS = YES;
				CLANG_WARN_EMPTY_BODY = YES;
				CLANG_WARN_ENUM_CONVERSION = YES;
				CLANG_WARN_INFINITE_RECURSION = YES;
				CLANG_WARN_INT_CONVERSION = YES;
				CLANG_WARN_NON_LITERAL_NULL_CONVERSION = YES;
				CLANG_WARN_OBJC_IMPLICIT_RETAIN_SELF = YES;
				CLANG_WARN_OBJC_LITERAL_CONVERSION = YES;
				CLANG_WARN_OBJC_ROOT_CLASS = YES_ERROR;
				CLANG_WARN_QUOTED_INCLUDE_IN_FRAMEWORK_HEADER = YES;
				CLANG_WARN_RANGE_LOOP_ANALYSIS = YES;
				CLANG_WARN_STRICT_PROTOTYPES = YES;
				CLANG_WARN_SUSPICIOUS_MOVE = YES;
				CLANG_WARN_UNGUARDED_AVAILABILITY = YES_AGGRESSIVE;
				CLANG_WARN_UNREACHABLE_CODE = YES;
				CLANG_WARN__DUPLICATE_METHOD_MATCH = YES;
				COPY_PHASE_STRIP = NO;
				DEBUG_INFORMATION_FORMAT = dwarf;
				ENABLE_STRICT_OBJC_MSGSEND = YES;
				ENABLE_TESTABILITY = YES;
				GCC_C_LANGUAGE_STANDARD = gnu11;
				GCC_DYNAMIC_NO_PIC = NO;
				GCC_NO_COMMON_BLOCKS = YES;
				GCC_OPTIMIZATION_LEVEL = 0;
				GCC_PREPROCESSOR_DEFINITIONS = (
					"DEBUG=1",
					"$(inherited)",
				);
				GCC_WARN_64_TO_32_BIT_CONVERSION = YES;
				GCC_WARN_ABOUT_RETURN_TYPE = YES_ERROR;
				GCC_WARN_UNDECLARED_SELECTOR = YES;
				GCC_WARN_UNINITIALIZED_AUTOS = YES_AGGRESSIVE;
				GCC_WARN_UNUSED_FUNCTION = YES;
				GCC_WARN_UNUSED_VARIABLE = YES;
				IPHONEOS_DEPLOYMENT_TARGET = 14.4;
				MTL_ENABLE_DEBUG_INFO = INCLUDE_SOURCE;
				MTL_FAST_MATH = YES;
				ONLY_ACTIVE_ARCH = YES;
				SDKROOT = iphoneos;
				SWIFT_ACTIVE_COMPILATION_CONDITIONS = DEBUG;
				SWIFT_OPTIMIZATION_LEVEL = "-Onone";
			};
			name = Debug;
		};
		8EE3B4B7260AE74A00ADC6B1 /* Release */ = {
			isa = XCBuildConfiguration;
			buildSettings = {
				ALWAYS_SEARCH_USER_PATHS = NO;
				CLANG_ANALYZER_NONNULL = YES;
				CLANG_ANALYZER_NUMBER_OBJECT_CONVERSION = YES_AGGRESSIVE;
				CLANG_CXX_LANGUAGE_STANDARD = "gnu++14";
				CLANG_CXX_LIBRARY = "libc++";
				CLANG_ENABLE_MODULES = YES;
				CLANG_ENABLE_OBJC_ARC = YES;
				CLANG_ENABLE_OBJC_WEAK = YES;
				CLANG_WARN_BLOCK_CAPTURE_AUTORELEASING = YES;
				CLANG_WARN_BOOL_CONVERSION = YES;
				CLANG_WARN_COMMA = YES;
				CLANG_WARN_CONSTANT_CONVERSION = YES;
				CLANG_WARN_DEPRECATED_OBJC_IMPLEMENTATIONS = YES;
				CLANG_WARN_DIRECT_OBJC_ISA_USAGE = YES_ERROR;
				CLANG_WARN_DOCUMENTATION_COMMENTS = YES;
				CLANG_WARN_EMPTY_BODY = YES;
				CLANG_WARN_ENUM_CONVERSION = YES;
				CLANG_WARN_INFINITE_RECURSION = YES;
				CLANG_WARN_INT_CONVERSION = YES;
				CLANG_WARN_NON_LITERAL_NULL_CONVERSION = YES;
				CLANG_WARN_OBJC_IMPLICIT_RETAIN_SELF = YES;
				CLANG_WARN_OBJC_LITERAL_CONVERSION = YES;
				CLANG_WARN_OBJC_ROOT_CLASS = YES_ERROR;
				CLANG_WARN_QUOTED_INCLUDE_IN_FRAMEWORK_HEADER = YES;
				CLANG_WARN_RANGE_LOOP_ANALYSIS = YES;
				CLANG_WARN_STRICT_PROTOTYPES = YES;
				CLANG_WARN_SUSPICIOUS_MOVE = YES;
				CLANG_WARN_UNGUARDED_AVAILABILITY = YES_AGGRESSIVE;
				CLANG_WARN_UNREACHABLE_CODE = YES;
				CLANG_WARN__DUPLICATE_METHOD_MATCH = YES;
				COPY_PHASE_STRIP = NO;
				DEBUG_INFORMATION_FORMAT = "dwarf-with-dsym";
				ENABLE_NS_ASSERTIONS = NO;
				ENABLE_STRICT_OBJC_MSGSEND = YES;
				GCC_C_LANGUAGE_STANDARD = gnu11;
				GCC_NO_COMMON_BLOCKS = YES;
				GCC_WARN_64_TO_32_BIT_CONVERSION = YES;
				GCC_WARN_ABOUT_RETURN_TYPE = YES_ERROR;
				GCC_WARN_UNDECLARED_SELECTOR = YES;
				GCC_WARN_UNINITIALIZED_AUTOS = YES_AGGRESSIVE;
				GCC_WARN_UNUSED_FUNCTION = YES;
				GCC_WARN_UNUSED_VARIABLE = YES;
				IPHONEOS_DEPLOYMENT_TARGET = 14.4;
				MTL_ENABLE_DEBUG_INFO = NO;
				MTL_FAST_MATH = YES;
				SDKROOT = iphoneos;
				SWIFT_COMPILATION_MODE = wholemodule;
				SWIFT_OPTIMIZATION_LEVEL = "-O";
				VALIDATE_PRODUCT = YES;
			};
			name = Release;
		};
		8EE3B4B9260AE74A00ADC6B1 /* Debug */ = {
			isa = XCBuildConfiguration;
			buildSettings = {
				ASSETCATALOG_COMPILER_APPICON_NAME = AppIcon;
				ASSETCATALOG_COMPILER_GLOBAL_ACCENT_COLOR_NAME = AccentColor;
				CODE_SIGN_STYLE = Automatic;
				DEVELOPMENT_ASSET_PATHS = "\"QRScanner/Preview Content\"";
				DEVELOPMENT_TEAM = Y7ZRR2GJ3U;
				ENABLE_PREVIEWS = YES;
				INFOPLIST_FILE = QRScanner/Info.plist;
				IPHONEOS_DEPLOYMENT_TARGET = 14.0;
				LD_RUNPATH_SEARCH_PATHS = (
					"$(inherited)",
					"@executable_path/Frameworks",
				);
				PRODUCT_BUNDLE_IDENTIFIER = com.sykomic.QRScanner;
				PRODUCT_NAME = "$(TARGET_NAME)";
				SWIFT_VERSION = 5.0;
				TARGETED_DEVICE_FAMILY = "1,2";
			};
			name = Debug;
		};
		8EE3B4BA260AE74A00ADC6B1 /* Release */ = {
			isa = XCBuildConfiguration;
			buildSettings = {
				ASSETCATALOG_COMPILER_APPICON_NAME = AppIcon;
				ASSETCATALOG_COMPILER_GLOBAL_ACCENT_COLOR_NAME = AccentColor;
				CODE_SIGN_STYLE = Automatic;
				DEVELOPMENT_ASSET_PATHS = "\"QRScanner/Preview Content\"";
				DEVELOPMENT_TEAM = Y7ZRR2GJ3U;
				ENABLE_PREVIEWS = YES;
				INFOPLIST_FILE = QRScanner/Info.plist;
				IPHONEOS_DEPLOYMENT_TARGET = 14.0;
				LD_RUNPATH_SEARCH_PATHS = (
					"$(inherited)",
					"@executable_path/Frameworks",
				);
				PRODUCT_BUNDLE_IDENTIFIER = com.sykomic.QRScanner;
				PRODUCT_NAME = "$(TARGET_NAME)";
				SWIFT_VERSION = 5.0;
				TARGETED_DEVICE_FAMILY = "1,2";
			};
			name = Release;
		};
/* End XCBuildConfiguration section */

/* Begin XCConfigurationList section */
		8EE3B4A4260AE74600ADC6B1 /* Build configuration list for PBXProject "QRScanner" */ = {
			isa = XCConfigurationList;
			buildConfigurations = (
				8EE3B4B6260AE74A00ADC6B1 /* Debug */,
				8EE3B4B7260AE74A00ADC6B1 /* Release */,
			);
			defaultConfigurationIsVisible = 0;
			defaultConfigurationName = Release;
		};
		8EE3B4B8260AE74A00ADC6B1 /* Build configuration list for PBXNativeTarget "QRScanner" */ = {
			isa = XCConfigurationList;
			buildConfigurations = (
				8EE3B4B9260AE74A00ADC6B1 /* Debug */,
				8EE3B4BA260AE74A00ADC6B1 /* Release */,
			);
			defaultConfigurationIsVisible = 0;
			defaultConfigurationName = Release;
		};
/* End XCConfigurationList section */
	};
	rootObject = 8EE3B4A1260AE74600ADC6B1 /* Project object */;
}
