// !$*UTF8*$!
{
	archiveVersion = 1;
	classes = {
	};
	objectVersion = 50;
	objects = {

/* Begin PBXBuildFile section */
		5A047D84257243A200A2A0AC /* ContentView.swift in Sources */ = {isa = PBXBuildFile; fileRef = 5A047D83257243A200A2A0AC /* ContentView.swift */; };
		5AC8E427257253450063E7C7 /* PHPickerViewController.View.swift in Sources */ = {isa = PBXBuildFile; fileRef = 5AC8E426257253450063E7C7 /* PHPickerViewController.View.swift */; };
		8E9642D9256F8CCC0021C5F9 /* ReadMeApp.swift in Sources */ = {isa = PBXBuildFile; fileRef = 8E9642D8256F8CCC0021C5F9 /* ReadMeApp.swift */; };
		8E9642DD256F8CD00021C5F9 /* Assets.xcassets in Resources */ = {isa = PBXBuildFile; fileRef = 8E9642DC256F8CD00021C5F9 /* Assets.xcassets */; };
		8E9642E0256F8CD00021C5F9 /* Preview Assets.xcassets in Resources */ = {isa = PBXBuildFile; fileRef = 8E9642DF256F8CD00021C5F9 /* Preview Assets.xcassets */; };
		8E9642E9256F921F0021C5F9 /* Book.swift in Sources */ = {isa = PBXBuildFile; fileRef = 8E9642E8256F921E0021C5F9 /* Book.swift */; };
		8E9642ED256F92BD0021C5F9 /* BooksViews.swift in Sources */ = {isa = PBXBuildFile; fileRef = 8E9642EC256F92BC0021C5F9 /* BooksViews.swift */; };
		8E9642F5256FCA470021C5F9 /* Library.swift in Sources */ = {isa = PBXBuildFile; fileRef = 8E9642F4256FCA470021C5F9 /* Library.swift */; };
		8E9642FB256FD8980021C5F9 /* DetailView.swift in Sources */ = {isa = PBXBuildFile; fileRef = 8E9642FA256FD8980021C5F9 /* DetailView.swift */; };
/* End PBXBuildFile section */

/* Begin PBXFileReference section */
		5A047D83257243A200A2A0AC /* ContentView.swift */ = {isa = PBXFileReference; lastKnownFileType = sourcecode.swift; path = ContentView.swift; sourceTree = "<group>"; };
		5AC8E426257253450063E7C7 /* PHPickerViewController.View.swift */ = {isa = PBXFileReference; lastKnownFileType = sourcecode.swift; path = PHPickerViewController.View.swift; sourceTree = "<group>"; };
		8E9642D5256F8CCC0021C5F9 /* ReadMe.app */ = {isa = PBXFileReference; explicitFileType = wrapper.application; includeInIndex = 0; path = ReadMe.app; sourceTree = BUILT_PRODUCTS_DIR; };
		8E9642D8256F8CCC0021C5F9 /* ReadMeApp.swift */ = {isa = PBXFileReference; lastKnownFileType = sourcecode.swift; path = ReadMeApp.swift; sourceTree = "<group>"; };
		8E9642DC256F8CD00021C5F9 /* Assets.xcassets */ = {isa = PBXFileReference; lastKnownFileType = folder.assetcatalog; path = Assets.xcassets; sourceTree = "<group>"; };
		8E9642DF256F8CD00021C5F9 /* Preview Assets.xcassets */ = {isa = PBXFileReference; lastKnownFileType = folder.assetcatalog; path = "Preview Assets.xcassets"; sourceTree = "<group>"; };
		8E9642E1256F8CD00021C5F9 /* Info.plist */ = {isa = PBXFileReference; lastKnownFileType = text.plist.xml; path = Info.plist; sourceTree = "<group>"; };
		8E9642E8256F921E0021C5F9 /* Book.swift */ = {isa = PBXFileReference; lastKnownFileType = sourcecode.swift; path = Book.swift; sourceTree = "<group>"; };
		8E9642EC256F92BC0021C5F9 /* BooksViews.swift */ = {isa = PBXFileReference; lastKnownFileType = sourcecode.swift; path = BooksViews.swift; sourceTree = "<group>"; };
		8E9642F4256FCA470021C5F9 /* Library.swift */ = {isa = PBXFileReference; lastKnownFileType = sourcecode.swift; path = Library.swift; sourceTree = "<group>"; };
		8E9642FA256FD8980021C5F9 /* DetailView.swift */ = {isa = PBXFileReference; lastKnownFileType = sourcecode.swift; path = DetailView.swift; sourceTree = "<group>"; };
/* End PBXFileReference section */

/* Begin PBXFrameworksBuildPhase section */
		8E9642D2256F8CCC0021C5F9 /* Frameworks */ = {
			isa = PBXFrameworksBuildPhase;
			buildActionMask = 2147483647;
			files = (
			);
			runOnlyForDeploymentPostprocessing = 0;
		};
/* End PBXFrameworksBuildPhase section */

/* Begin PBXGroup section */
		5AAA0B8A25724597009CEBAE /* Views */ = {
			isa = PBXGroup;
			children = (
				5A047D83257243A200A2A0AC /* ContentView.swift */,
				8E9642EC256F92BC0021C5F9 /* BooksViews.swift */,
				8E9642FA256FD8980021C5F9 /* DetailView.swift */,
				5AC8E426257253450063E7C7 /* PHPickerViewController.View.swift */,
			);
			path = Views;
			sourceTree = "<group>";
		};
		8E9642CC256F8CCB0021C5F9 = {
			isa = PBXGroup;
			children = (
				8E9642D7256F8CCC0021C5F9 /* ReadMe */,
				8E9642D6256F8CCC0021C5F9 /* Products */,
			);
			sourceTree = "<group>";
		};
		8E9642D6256F8CCC0021C5F9 /* Products */ = {
			isa = PBXGroup;
			children = (
				8E9642D5256F8CCC0021C5F9 /* ReadMe.app */,
			);
			name = Products;
			sourceTree = "<group>";
		};
		8E9642D7256F8CCC0021C5F9 /* ReadMe */ = {
			isa = PBXGroup;
			children = (
				8E9642D8256F8CCC0021C5F9 /* ReadMeApp.swift */,
				8E9642E8256F921E0021C5F9 /* Book.swift */,
				8E9642F4256FCA470021C5F9 /* Library.swift */,
				5AAA0B8A25724597009CEBAE /* Views */,
				8E9642DC256F8CD00021C5F9 /* Assets.xcassets */,
				8E9642E1256F8CD00021C5F9 /* Info.plist */,
				8E9642DE256F8CD00021C5F9 /* Preview Content */,
			);
			path = ReadMe;
			sourceTree = "<group>";
		};
		8E9642DE256F8CD00021C5F9 /* Preview Content */ = {
			isa = PBXGroup;
			children = (
				8E9642DF256F8CD00021C5F9 /* Preview Assets.xcassets */,
			);
			path = "Preview Content";
			sourceTree = "<group>";
		};
/* End PBXGroup section */

/* Begin PBXNativeTarget section */
		8E9642D4256F8CCC0021C5F9 /* ReadMe */ = {
			isa = PBXNativeTarget;
			buildConfigurationList = 8E9642E4256F8CD00021C5F9 /* Build configuration list for PBXNativeTarget "ReadMe" */;
			buildPhases = (
				8E9642D1256F8CCC0021C5F9 /* Sources */,
				8E9642D2256F8CCC0021C5F9 /* Frameworks */,
				8E9642D3256F8CCC0021C5F9 /* Resources */,
			);
			buildRules = (
			);
			dependencies = (
			);
			name = ReadMe;
			productName = ReadMe;
			productReference = 8E9642D5256F8CCC0021C5F9 /* ReadMe.app */;
			productType = "com.apple.product-type.application";
		};
/* End PBXNativeTarget section */

/* Begin PBXProject section */
		8E9642CD256F8CCB0021C5F9 /* Project object */ = {
			isa = PBXProject;
			attributes = {
				LastSwiftUpdateCheck = 1200;
				LastUpgradeCheck = 1200;
				TargetAttributes = {
					8E9642D4256F8CCC0021C5F9 = {
						CreatedOnToolsVersion = 12.0;
					};
				};
			};
			buildConfigurationList = 8E9642D0256F8CCB0021C5F9 /* Build configuration list for PBXProject "ReadMe" */;
			compatibilityVersion = "Xcode 9.3";
			developmentRegion = en;
			hasScannedForEncodings = 0;
			knownRegions = (
				en,
				Base,
			);
			mainGroup = 8E9642CC256F8CCB0021C5F9;
			productRefGroup = 8E9642D6256F8CCC0021C5F9 /* Products */;
			projectDirPath = "";
			projectRoot = "";
			targets = (
				8E9642D4256F8CCC0021C5F9 /* ReadMe */,
			);
		};
/* End PBXProject section */

/* Begin PBXResourcesBuildPhase section */
		8E9642D3256F8CCC0021C5F9 /* Resources */ = {
			isa = PBXResourcesBuildPhase;
			buildActionMask = 2147483647;
			files = (
				8E9642E0256F8CD00021C5F9 /* Preview Assets.xcassets in Resources */,
				8E9642DD256F8CD00021C5F9 /* Assets.xcassets in Resources */,
			);
			runOnlyForDeploymentPostprocessing = 0;
		};
/* End PBXResourcesBuildPhase section */

/* Begin PBXSourcesBuildPhase section */
		8E9642D1256F8CCC0021C5F9 /* Sources */ = {
			isa = PBXSourcesBuildPhase;
			buildActionMask = 2147483647;
			files = (
				5A047D84257243A200A2A0AC /* ContentView.swift in Sources */,
				8E9642FB256FD8980021C5F9 /* DetailView.swift in Sources */,
				8E9642D9256F8CCC0021C5F9 /* ReadMeApp.swift in Sources */,
				8E9642E9256F921F0021C5F9 /* Book.swift in Sources */,
				5AC8E427257253450063E7C7 /* PHPickerViewController.View.swift in Sources */,
				8E9642ED256F92BD0021C5F9 /* BooksViews.swift in Sources */,
				8E9642F5256FCA470021C5F9 /* Library.swift in Sources */,
			);
			runOnlyForDeploymentPostprocessing = 0;
		};
/* End PBXSourcesBuildPhase section */

/* Begin XCBuildConfiguration section */
		8E9642E2256F8CD00021C5F9 /* Debug */ = {
			isa = XCBuildConfiguration;
			buildSettings = {
				ALWAYS_SEARCH_USER_PATHS = NO;
				CLANG_ANALYZER_NONNULL = YES;
				CLANG_ANALYZER_NUMBER_OBJECT_CONVERSION = YES_AGGRESSIVE;
				CLANG_CXX_LANGUAGE_STANDARD = "gnu++14";
				CLANG_CXX_LIBRARY = "libc++";
				CLANG_ENABLE_MODULES = YES;
				CLANG_ENABLE_OBJC_ARC = YES;
				CLANG_ENABLE_OBJC_WEAK = YES;
				CLANG_WARN_BLOCK_CAPTURE_AUTORELEASING = YES;
				CLANG_WARN_BOOL_CONVERSION = YES;
				CLANG_WARN_COMMA = YES;
				CLANG_WARN_CONSTANT_CONVERSION = YES;
				CLANG_WARN_DEPRECATED_OBJC_IMPLEMENTATIONS = YES;
				CLANG_WARN_DIRECT_OBJC_ISA_USAGE = YES_ERROR;
				CLANG_WARN_DOCUMENTATION_COMMENTS = YES;
				CLANG_WARN_EMPTY_BODY = YES;
				CLANG_WARN_ENUM_CONVERSION = YES;
				CLANG_WARN_INFINITE_RECURSION = YES;
				CLANG_WARN_INT_CONVERSION = YES;
				CLANG_WARN_NON_LITERAL_NULL_CONVERSION = YES;
				CLANG_WARN_OBJC_IMPLICIT_RETAIN_SELF = YES;
				CLANG_WARN_OBJC_LITERAL_CONVERSION = YES;
				CLANG_WARN_OBJC_ROOT_CLASS = YES_ERROR;
				CLANG_WARN_QUOTED_INCLUDE_IN_FRAMEWORK_HEADER = YES;
				CLANG_WARN_RANGE_LOOP_ANALYSIS = YES;
				CLANG_WARN_STRICT_PROTOTYPES = YES;
				CLANG_WARN_SUSPICIOUS_MOVE = YES;
				CLANG_WARN_UNGUARDED_AVAILABILITY = YES_AGGRESSIVE;
				CLANG_WARN_UNREACHABLE_CODE = YES;
				CLANG_WARN__DUPLICATE_METHOD_MATCH = YES;
				COPY_PHASE_STRIP = NO;
				DEBUG_INFORMATION_FORMAT = dwarf;
				ENABLE_STRICT_OBJC_MSGSEND = YES;
				ENABLE_TESTABILITY = YES;
				GCC_C_LANGUAGE_STANDARD = gnu11;
				GCC_DYNAMIC_NO_PIC = NO;
				GCC_NO_COMMON_BLOCKS = YES;
				GCC_OPTIMIZATION_LEVEL = 0;
				GCC_PREPROCESSOR_DEFINITIONS = (
					"DEBUG=1",
					"$(inherited)",
				);
				GCC_WARN_64_TO_32_BIT_CONVERSION = YES;
				GCC_WARN_ABOUT_RETURN_TYPE = YES_ERROR;
				GCC_WARN_UNDECLARED_SELECTOR = YES;
				GCC_WARN_UNINITIALIZED_AUTOS = YES_AGGRESSIVE;
				GCC_WARN_UNUSED_FUNCTION = YES;
				GCC_WARN_UNUSED_VARIABLE = YES;
				IPHONEOS_DEPLOYMENT_TARGET = 14.0;
				MTL_ENABLE_DEBUG_INFO = INCLUDE_SOURCE;
				MTL_FAST_MATH = YES;
				ONLY_ACTIVE_ARCH = YES;
				SDKROOT = iphoneos;
				SWIFT_ACTIVE_COMPILATION_CONDITIONS = DEBUG;
				SWIFT_OPTIMIZATION_LEVEL = "-Onone";
			};
			name = Debug;
		};
		8E9642E3256F8CD00021C5F9 /* Release */ = {
			isa = XCBuildConfiguration;
			buildSettings = {
				ALWAYS_SEARCH_USER_PATHS = NO;
				CLANG_ANALYZER_NONNULL = YES;
				CLANG_ANALYZER_NUMBER_OBJECT_CONVERSION = YES_AGGRESSIVE;
				CLANG_CXX_LANGUAGE_STANDARD = "gnu++14";
				CLANG_CXX_LIBRARY = "libc++";
				CLANG_ENABLE_MODULES = YES;
				CLANG_ENABLE_OBJC_ARC = YES;
				CLANG_ENABLE_OBJC_WEAK = YES;
				CLANG_WARN_BLOCK_CAPTURE_AUTORELEASING = YES;
				CLANG_WARN_BOOL_CONVERSION = YES;
				CLANG_WARN_COMMA = YES;
				CLANG_WARN_CONSTANT_CONVERSION = YES;
				CLANG_WARN_DEPRECATED_OBJC_IMPLEMENTATIONS = YES;
				CLANG_WARN_DIRECT_OBJC_ISA_USAGE = YES_ERROR;
				CLANG_WARN_DOCUMENTATION_COMMENTS = YES;
				CLANG_WARN_EMPTY_BODY = YES;
				CLANG_WARN_ENUM_CONVERSION = YES;
				CLANG_WARN_INFINITE_RECURSION = YES;
				CLANG_WARN_INT_CONVERSION = YES;
				CLANG_WARN_NON_LITERAL_NULL_CONVERSION = YES;
				CLANG_WARN_OBJC_IMPLICIT_RETAIN_SELF = YES;
				CLANG_WARN_OBJC_LITERAL_CONVERSION = YES;
				CLANG_WARN_OBJC_ROOT_CLASS = YES_ERROR;
				CLANG_WARN_QUOTED_INCLUDE_IN_FRAMEWORK_HEADER = YES;
				CLANG_WARN_RANGE_LOOP_ANALYSIS = YES;
				CLANG_WARN_STRICT_PROTOTYPES = YES;
				CLANG_WARN_SUSPICIOUS_MOVE = YES;
				CLANG_WARN_UNGUARDED_AVAILABILITY = YES_AGGRESSIVE;
				CLANG_WARN_UNREACHABLE_CODE = YES;
				CLANG_WARN__DUPLICATE_METHOD_MATCH = YES;
				COPY_PHASE_STRIP = NO;
				DEBUG_INFORMATION_FORMAT = "dwarf-with-dsym";
				ENABLE_NS_ASSERTIONS = NO;
				ENABLE_STRICT_OBJC_MSGSEND = YES;
				GCC_C_LANGUAGE_STANDARD = gnu11;
				GCC_NO_COMMON_BLOCKS = YES;
				GCC_WARN_64_TO_32_BIT_CONVERSION = YES;
				GCC_WARN_ABOUT_RETURN_TYPE = YES_ERROR;
				GCC_WARN_UNDECLARED_SELECTOR = YES;
				GCC_WARN_UNINITIALIZED_AUTOS = YES_AGGRESSIVE;
				GCC_WARN_UNUSED_FUNCTION = YES;
				GCC_WARN_UNUSED_VARIABLE = YES;
				IPHONEOS_DEPLOYMENT_TARGET = 14.0;
				MTL_ENABLE_DEBUG_INFO = NO;
				MTL_FAST_MATH = YES;
				SDKROOT = iphoneos;
				SWIFT_COMPILATION_MODE = wholemodule;
				SWIFT_OPTIMIZATION_LEVEL = "-O";
				VALIDATE_PRODUCT = YES;
			};
			name = Release;
		};
		8E9642E5256F8CD00021C5F9 /* Debug */ = {
			isa = XCBuildConfiguration;
			buildSettings = {
				ASSETCATALOG_COMPILER_APPICON_NAME = AppIcon;
				ASSETCATALOG_COMPILER_GLOBAL_ACCENT_COLOR_NAME = AccentColor;
				CODE_SIGN_STYLE = Automatic;
				DEVELOPMENT_ASSET_PATHS = "\"ReadMe/Preview Content\"";
				ENABLE_PREVIEWS = YES;
				INFOPLIST_FILE = ReadMe/Info.plist;
				IPHONEOS_DEPLOYMENT_TARGET = 14.0;
				LD_RUNPATH_SEARCH_PATHS = (
					"$(inherited)",
					"@executable_path/Frameworks",
				);
				PRODUCT_BUNDLE_IDENTIFIER = com.Daesik.ReadMe;
				PRODUCT_NAME = "$(TARGET_NAME)";
				SWIFT_VERSION = 5.0;
				TARGETED_DEVICE_FAMILY = "1,2";
			};
			name = Debug;
		};
		8E9642E6256F8CD00021C5F9 /* Release */ = {
			isa = XCBuildConfiguration;
			buildSettings = {
				ASSETCATALOG_COMPILER_APPICON_NAME = AppIcon;
				ASSETCATALOG_COMPILER_GLOBAL_ACCENT_COLOR_NAME = AccentColor;
				CODE_SIGN_STYLE = Automatic;
				DEVELOPMENT_ASSET_PATHS = "\"ReadMe/Preview Content\"";
				ENABLE_PREVIEWS = YES;
				INFOPLIST_FILE = ReadMe/Info.plist;
				IPHONEOS_DEPLOYMENT_TARGET = 14.0;
				LD_RUNPATH_SEARCH_PATHS = (
					"$(inherited)",
					"@executable_path/Frameworks",
				);
				PRODUCT_BUNDLE_IDENTIFIER = com.Daesik.ReadMe;
				PRODUCT_NAME = "$(TARGET_NAME)";
				SWIFT_VERSION = 5.0;
				TARGETED_DEVICE_FAMILY = "1,2";
			};
			name = Release;
		};
/* End XCBuildConfiguration section */

/* Begin XCConfigurationList section */
		8E9642D0256F8CCB0021C5F9 /* Build configuration list for PBXProject "ReadMe" */ = {
			isa = XCConfigurationList;
			buildConfigurations = (
				8E9642E2256F8CD00021C5F9 /* Debug */,
				8E9642E3256F8CD00021C5F9 /* Release */,
			);
			defaultConfigurationIsVisible = 0;
			defaultConfigurationName = Release;
		};
		8E9642E4256F8CD00021C5F9 /* Build configuration list for PBXNativeTarget "ReadMe" */ = {
			isa = XCConfigurationList;
			buildConfigurations = (
				8E9642E5256F8CD00021C5F9 /* Debug */,
				8E9642E6256F8CD00021C5F9 /* Release */,
			);
			defaultConfigurationIsVisible = 0;
			defaultConfigurationName = Release;
		};
/* End XCConfigurationList section */
	};
	rootObject = 8E9642CD256F8CCB0021C5F9 /* Project object */;
}
